
Microsoft Visual Studio Solution File, Format Version 12.00
# Visual Studio Version 17
VisualStudioVersion = 17.3.32929.385
MinimumVisualStudioVersion = 10.0.40219.1
Project("{9A19103F-16F7-4668-BE54-9A1E7A4F7556}") = "Medicoz", "Medicoz\Medicoz.csproj", "{5AC29273-9044-4711-AA63-2A74BE8CF5B6}"
EndProject
Global
	GlobalSection(SolutionConfigurationPlatforms) = preSolution
		Debug|Any CPU = Debug|Any CPU
		Release|Any CPU = Release|Any CPU
	EndGlobalSection
	GlobalSection(ProjectConfigurationPlatforms) = postSolution
		{5AC29273-9044-4711-AA63-2A74BE8CF5B6}.Debug|Any CPU.ActiveCfg = Debug|Any CPU
		{5AC29273-9044-4711-AA63-2A74BE8CF5B6}.Debug|Any CPU.Build.0 = Debug|Any CPU
		{5AC29273-9044-4711-AA63-2A74BE8CF5B6}.Release|Any CPU.ActiveCfg = Release|Any CPU
		{5AC29273-9044-4711-AA63-2A74BE8CF5B6}.Release|Any CPU.Build.0 = Release|Any CPU
	EndGlobalSection
	GlobalSection(SolutionProperties) = preSolution
		HideSolutionNode = FALSE
	EndGlobalSection
	GlobalSection(ExtensibilityGlobals) = postSolution
		SolutionGuid = {F1B8C131-FA5D-440E-8BB5-B8CBED3CC626}
	EndGlobalSection
EndGlobal
